
Microsoft Visual Studio Solution File, Format Version 12.00
# Visual Studio 15
VisualStudioVersion = 15.0.33801.198
MinimumVisualStudioVersion = 10.0.40219.1
Project("{FAE04EC0-301F-11D3-BF4B-00C04F79EFBC}") = "SalesWebMvc", "SalesWebMvc\SalesWebMvc.csproj", "{61377AA6-537C-416C-97B7-737939BA1ADD}"
EndProject
Global
	GlobalSection(SolutionConfigurationPlatforms) = preSolution
		Debug|Any CPU = Debug|Any CPU
		Release|Any CPU = Release|Any CPU
	EndGlobalSection
	GlobalSection(ProjectConfigurationPlatforms) = postSolution
		{61377AA6-537C-416C-97B7-737939BA1ADD}.Debug|Any CPU.ActiveCfg = Debug|Any CPU
		{61377AA6-537C-416C-97B7-737939BA1ADD}.Debug|Any CPU.Build.0 = Debug|Any CPU
		{61377AA6-537C-416C-97B7-737939BA1ADD}.Release|Any CPU.ActiveCfg = Release|Any CPU
		{61377AA6-537C-416C-97B7-737939BA1ADD}.Release|Any CPU.Build.0 = Release|Any CPU
	EndGlobalSection
	GlobalSection(SolutionProperties) = preSolution
		HideSolutionNode = FALSE
	EndGlobalSection
	GlobalSection(ExtensibilityGlobals) = postSolution
		SolutionGuid = {038691FD-C5A6-4D95-B2DD-815F216F4A95}
	EndGlobalSection
EndGlobal
